
Microsoft Visual Studio Solution File, Format Version 12.00
# Visual Studio Version 17
VisualStudioVersion = 17.2.32526.322
MinimumVisualStudioVersion = 10.0.40219.1
Project("{9A19103F-16F7-4668-BE54-9A1E7A4F7556}") = "Summator.Tests", "Summator.Tests\Summator.Tests.csproj", "{9BBF9744-045B-4D79-9F58-8FCA980AF1AF}"
EndProject
Project("{9A19103F-16F7-4668-BE54-9A1E7A4F7556}") = "Summator", "Summator\Summator.csproj", "{545A1F27-B64D-4D34-90D4-094FD3254280}"
EndProject
Global
	GlobalSection(SolutionConfigurationPlatforms) = preSolution
		Debug|Any CPU = Debug|Any CPU
		Release|Any CPU = Release|Any CPU
	EndGlobalSection
	GlobalSection(ProjectConfigurationPlatforms) = postSolution
		{9BBF9744-045B-4D79-9F58-8FCA980AF1AF}.Debug|Any CPU.ActiveCfg = Debug|Any CPU
		{9BBF9744-045B-4D79-9F58-8FCA980AF1AF}.Debug|Any CPU.Build.0 = Debug|Any CPU
		{9BBF9744-045B-4D79-9F58-8FCA980AF1AF}.Release|Any CPU.ActiveCfg = Release|Any CPU
		{9BBF9744-045B-4D79-9F58-8FCA980AF1AF}.Release|Any CPU.Build.0 = Release|Any CPU
		{545A1F27-B64D-4D34-90D4-094FD3254280}.Debug|Any CPU.ActiveCfg = Debug|Any CPU
		{545A1F27-B64D-4D34-90D4-094FD3254280}.Debug|Any CPU.Build.0 = Debug|Any CPU
		{545A1F27-B64D-4D34-90D4-094FD3254280}.Release|Any CPU.ActiveCfg = Release|Any CPU
		{545A1F27-B64D-4D34-90D4-094FD3254280}.Release|Any CPU.Build.0 = Release|Any CPU
	EndGlobalSection
	GlobalSection(SolutionProperties) = preSolution
		HideSolutionNode = FALSE
	EndGlobalSection
	GlobalSection(ExtensibilityGlobals) = postSolution
		SolutionGuid = {FA9C7F28-DC18-4DFF-914C-FC8A13249DC9}
	EndGlobalSection
EndGlobal
